
Microsoft Visual Studio Solution File, Format Version 12.00
# Visual Studio Version 17
VisualStudioVersion = 17.0.31903.59
MinimumVisualStudioVersion = 10.0.40219.1
Project("{2150E333-8FDC-42A3-9474-1A3956D46DE8}") = "Solution Items", "Solution Items", "{AFA07ADD-2631-4E37-957A-F59C58E32F2B}"
	ProjectSection(SolutionItems) = preProject
		delivery-plan.md = delivery-plan.md
		project-evaluation.md = project-evaluation.md
		README.md = README.md
		software-architecture.md = software-architecture.md
		solution-requirements.md = solution-requirements.md
		user-stories.md = user-stories.md
	EndProjectSection
EndProject
Project("{FAE04EC0-301F-11D3-BF4B-00C04F79EFBC}") = "TodoListApp.Services", "TodoListApp.Services\TodoListApp.Services.csproj", "{7B5F2E18-2F96-4C69-888F-755DE31146D3}"
EndProject
Project("{FAE04EC0-301F-11D3-BF4B-00C04F79EFBC}") = "TodoListApp.Services.Database", "TodoListApp.Services.Database\TodoListApp.Services.Database.csproj", "{74975999-5E5D-43A1-ADFC-66FB597F89C8}"
EndProject
Project("{FAE04EC0-301F-11D3-BF4B-00C04F79EFBC}") = "TodoListApp.Services.WebApi", "TodoListApp.Services.WebApi\TodoListApp.Services.WebApi.csproj", "{BC003678-D449-4786-962D-485565C2B0AC}"
EndProject
Project("{FAE04EC0-301F-11D3-BF4B-00C04F79EFBC}") = "TodoListApp.WebApi", "TodoListApp.WebApi\TodoListApp.WebApi.csproj", "{11990E10-D1FE-4D2A-AD1C-CF076D9AB75D}"
EndProject
Project("{FAE04EC0-301F-11D3-BF4B-00C04F79EFBC}") = "TodoListApp.WebApi.Models", "TodoListApp.WebApi.Models\TodoListApp.WebApi.Models.csproj", "{ADD8FB93-0E08-469C-A87E-F66ABA90366D}"
EndProject
Project("{FAE04EC0-301F-11D3-BF4B-00C04F79EFBC}") = "TodoListApp.WebApp", "TodoListApp.WebApp\TodoListApp.WebApp.csproj", "{9C529E94-D4BE-4392-B4A8-200C04DF872E}"
EndProject
Project("{FAE04EC0-301F-11D3-BF4B-00C04F79EFBC}") = "TodoListApp.Tests", "TodoListApp.Tests\TodoListApp.Tests.csproj", "{FA449B8C-80C5-46F2-B1EF-E9E8693DEF1E}"
EndProject
Global
	GlobalSection(SolutionConfigurationPlatforms) = preSolution
		Debug|Any CPU = Debug|Any CPU
		Debug|x64 = Debug|x64
		Debug|x86 = Debug|x86
		Release|Any CPU = Release|Any CPU
		Release|x64 = Release|x64
		Release|x86 = Release|x86
	EndGlobalSection
	GlobalSection(ProjectConfigurationPlatforms) = postSolution
		{7B5F2E18-2F96-4C69-888F-755DE31146D3}.Debug|Any CPU.ActiveCfg = Debug|Any CPU
		{7B5F2E18-2F96-4C69-888F-755DE31146D3}.Debug|Any CPU.Build.0 = Debug|Any CPU
		{7B5F2E18-2F96-4C69-888F-755DE31146D3}.Debug|x64.ActiveCfg = Debug|Any CPU
		{7B5F2E18-2F96-4C69-888F-755DE31146D3}.Debug|x64.Build.0 = Debug|Any CPU
		{7B5F2E18-2F96-4C69-888F-755DE31146D3}.Debug|x86.ActiveCfg = Debug|Any CPU
		{7B5F2E18-2F96-4C69-888F-755DE31146D3}.Debug|x86.Build.0 = Debug|Any CPU
		{7B5F2E18-2F96-4C69-888F-755DE31146D3}.Release|Any CPU.ActiveCfg = Release|Any CPU
		{7B5F2E18-2F96-4C69-888F-755DE31146D3}.Release|Any CPU.Build.0 = Release|Any CPU
		{7B5F2E18-2F96-4C69-888F-755DE31146D3}.Release|x64.ActiveCfg = Release|Any CPU
		{7B5F2E18-2F96-4C69-888F-755DE31146D3}.Release|x64.Build.0 = Release|Any CPU
		{7B5F2E18-2F96-4C69-888F-755DE31146D3}.Release|x86.ActiveCfg = Release|Any CPU
		{7B5F2E18-2F96-4C69-888F-755DE31146D3}.Release|x86.Build.0 = Release|Any CPU
		{74975999-5E5D-43A1-ADFC-66FB597F89C8}.Debug|Any CPU.ActiveCfg = Debug|Any CPU
		{74975999-5E5D-43A1-ADFC-66FB597F89C8}.Debug|Any CPU.Build.0 = Debug|Any CPU
		{74975999-5E5D-43A1-ADFC-66FB597F89C8}.Debug|x64.ActiveCfg = Debug|Any CPU
		{74975999-5E5D-43A1-ADFC-66FB597F89C8}.Debug|x64.Build.0 = Debug|Any CPU
		{74975999-5E5D-43A1-ADFC-66FB597F89C8}.Debug|x86.ActiveCfg = Debug|Any CPU
		{74975999-5E5D-43A1-ADFC-66FB597F89C8}.Debug|x86.Build.0 = Debug|Any CPU
		{74975999-5E5D-43A1-ADFC-66FB597F89C8}.Release|Any CPU.ActiveCfg = Release|Any CPU
		{74975999-5E5D-43A1-ADFC-66FB597F89C8}.Release|Any CPU.Build.0 = Release|Any CPU
		{74975999-5E5D-43A1-ADFC-66FB597F89C8}.Release|x64.ActiveCfg = Release|Any CPU
		{74975999-5E5D-43A1-ADFC-66FB597F89C8}.Release|x64.Build.0 = Release|Any CPU
		{74975999-5E5D-43A1-ADFC-66FB597F89C8}.Release|x86.ActiveCfg = Release|Any CPU
		{74975999-5E5D-43A1-ADFC-66FB597F89C8}.Release|x86.Build.0 = Release|Any CPU
		{BC003678-D449-4786-962D-485565C2B0AC}.Debug|Any CPU.ActiveCfg = Debug|Any CPU
		{BC003678-D449-4786-962D-485565C2B0AC}.Debug|Any CPU.Build.0 = Debug|Any CPU
		{BC003678-D449-4786-962D-485565C2B0AC}.Debug|x64.ActiveCfg = Debug|Any CPU
		{BC003678-D449-4786-962D-485565C2B0AC}.Debug|x64.Build.0 = Debug|Any CPU
		{BC003678-D449-4786-962D-485565C2B0AC}.Debug|x86.ActiveCfg = Debug|Any CPU
		{BC003678-D449-4786-962D-485565C2B0AC}.Debug|x86.Build.0 = Debug|Any CPU
		{BC003678-D449-4786-962D-485565C2B0AC}.Release|Any CPU.ActiveCfg = Release|Any CPU
		{BC003678-D449-4786-962D-485565C2B0AC}.Release|Any CPU.Build.0 = Release|Any CPU
		{BC003678-D449-4786-962D-485565C2B0AC}.Release|x64.ActiveCfg = Release|Any CPU
		{BC003678-D449-4786-962D-485565C2B0AC}.Release|x64.Build.0 = Release|Any CPU
		{BC003678-D449-4786-962D-485565C2B0AC}.Release|x86.ActiveCfg = Release|Any CPU
		{BC003678-D449-4786-962D-485565C2B0AC}.Release|x86.Build.0 = Release|Any CPU
		{11990E10-D1FE-4D2A-AD1C-CF076D9AB75D}.Debug|Any CPU.ActiveCfg = Debug|Any CPU
		{11990E10-D1FE-4D2A-AD1C-CF076D9AB75D}.Debug|Any CPU.Build.0 = Debug|Any CPU
		{11990E10-D1FE-4D2A-AD1C-CF076D9AB75D}.Debug|x64.ActiveCfg = Debug|Any CPU
		{11990E10-D1FE-4D2A-AD1C-CF076D9AB75D}.Debug|x64.Build.0 = Debug|Any CPU
		{11990E10-D1FE-4D2A-AD1C-CF076D9AB75D}.Debug|x86.ActiveCfg = Debug|Any CPU
		{11990E10-D1FE-4D2A-AD1C-CF076D9AB75D}.Debug|x86.Build.0 = Debug|Any CPU
		{11990E10-D1FE-4D2A-AD1C-CF076D9AB75D}.Release|Any CPU.ActiveCfg = Release|Any CPU
		{11990E10-D1FE-4D2A-AD1C-CF076D9AB75D}.Release|Any CPU.Build.0 = Release|Any CPU
		{11990E10-D1FE-4D2A-AD1C-CF076D9AB75D}.Release|x64.ActiveCfg = Release|Any CPU
		{11990E10-D1FE-4D2A-AD1C-CF076D9AB75D}.Release|x64.Build.0 = Release|Any CPU
		{11990E10-D1FE-4D2A-AD1C-CF076D9AB75D}.Release|x86.ActiveCfg = Release|Any CPU
		{11990E10-D1FE-4D2A-AD1C-CF076D9AB75D}.Release|x86.Build.0 = Release|Any CPU
		{ADD8FB93-0E08-469C-A87E-F66ABA90366D}.Debug|Any CPU.ActiveCfg = Debug|Any CPU
		{ADD8FB93-0E08-469C-A87E-F66ABA90366D}.Debug|Any CPU.Build.0 = Debug|Any CPU
		{ADD8FB93-0E08-469C-A87E-F66ABA90366D}.Debug|x64.ActiveCfg = Debug|Any CPU
		{ADD8FB93-0E08-469C-A87E-F66ABA90366D}.Debug|x64.Build.0 = Debug|Any CPU
		{ADD8FB93-0E08-469C-A87E-F66ABA90366D}.Debug|x86.ActiveCfg = Debug|Any CPU
		{ADD8FB93-0E08-469C-A87E-F66ABA90366D}.Debug|x86.Build.0 = Debug|Any CPU
		{ADD8FB93-0E08-469C-A87E-F66ABA90366D}.Release|Any CPU.ActiveCfg = Release|Any CPU
		{ADD8FB93-0E08-469C-A87E-F66ABA90366D}.Release|Any CPU.Build.0 = Release|Any CPU
		{ADD8FB93-0E08-469C-A87E-F66ABA90366D}.Release|x64.ActiveCfg = Release|Any CPU
		{ADD8FB93-0E08-469C-A87E-F66ABA90366D}.Release|x64.Build.0 = Release|Any CPU
		{ADD8FB93-0E08-469C-A87E-F66ABA90366D}.Release|x86.ActiveCfg = Release|Any CPU
		{ADD8FB93-0E08-469C-A87E-F66ABA90366D}.Release|x86.Build.0 = Release|Any CPU
		{9C529E94-D4BE-4392-B4A8-200C04DF872E}.Debug|Any CPU.ActiveCfg = Debug|Any CPU
		{9C529E94-D4BE-4392-B4A8-200C04DF872E}.Debug|Any CPU.Build.0 = Debug|Any CPU
		{9C529E94-D4BE-4392-B4A8-200C04DF872E}.Debug|x64.ActiveCfg = Debug|Any CPU
		{9C529E94-D4BE-4392-B4A8-200C04DF872E}.Debug|x64.Build.0 = Debug|Any CPU
		{9C529E94-D4BE-4392-B4A8-200C04DF872E}.Debug|x86.ActiveCfg = Debug|Any CPU
		{9C529E94-D4BE-4392-B4A8-200C04DF872E}.Debug|x86.Build.0 = Debug|Any CPU
		{9C529E94-D4BE-4392-B4A8-200C04DF872E}.Release|Any CPU.ActiveCfg = Release|Any CPU
		{9C529E94-D4BE-4392-B4A8-200C04DF872E}.Release|Any CPU.Build.0 = Release|Any CPU
		{9C529E94-D4BE-4392-B4A8-200C04DF872E}.Release|x64.ActiveCfg = Release|Any CPU
		{9C529E94-D4BE-4392-B4A8-200C04DF872E}.Release|x64.Build.0 = Release|Any CPU
		{9C529E94-D4BE-4392-B4A8-200C04DF872E}.Release|x86.ActiveCfg = Release|Any CPU
		{9C529E94-D4BE-4392-B4A8-200C04DF872E}.Release|x86.Build.0 = Release|Any CPU
		{FA449B8C-80C5-46F2-B1EF-E9E8693DEF1E}.Debug|Any CPU.ActiveCfg = Debug|Any CPU
		{FA449B8C-80C5-46F2-B1EF-E9E8693DEF1E}.Debug|Any CPU.Build.0 = Debug|Any CPU
		{FA449B8C-80C5-46F2-B1EF-E9E8693DEF1E}.Debug|x64.ActiveCfg = Debug|Any CPU
		{FA449B8C-80C5-46F2-B1EF-E9E8693DEF1E}.Debug|x64.Build.0 = Debug|Any CPU
		{FA449B8C-80C5-46F2-B1EF-E9E8693DEF1E}.Debug|x86.ActiveCfg = Debug|Any CPU
		{FA449B8C-80C5-46F2-B1EF-E9E8693DEF1E}.Debug|x86.Build.0 = Debug|Any CPU
		{FA449B8C-80C5-46F2-B1EF-E9E8693DEF1E}.Release|Any CPU.ActiveCfg = Release|Any CPU
		{FA449B8C-80C5-46F2-B1EF-E9E8693DEF1E}.Release|Any CPU.Build.0 = Release|Any CPU
		{FA449B8C-80C5-46F2-B1EF-E9E8693DEF1E}.Release|x64.ActiveCfg = Release|Any CPU
		{FA449B8C-80C5-46F2-B1EF-E9E8693DEF1E}.Release|x64.Build.0 = Release|Any CPU
		{FA449B8C-80C5-46F2-B1EF-E9E8693DEF1E}.Release|x86.ActiveCfg = Release|Any CPU
		{FA449B8C-80C5-46F2-B1EF-E9E8693DEF1E}.Release|x86.Build.0 = Release|Any CPU
	EndGlobalSection
	GlobalSection(SolutionProperties) = preSolution
		HideSolutionNode = FALSE
	EndGlobalSection
	GlobalSection(ExtensibilityGlobals) = postSolution
		SolutionGuid = {71075FF6-34FF-4DFB-BBA7-7654CC357608}
	EndGlobalSection
EndGlobal
